// !$*UTF8*$!
{
	archiveVersion = 1;
	classes = {
	};
	objectVersion = 46;
	objects = {

/* Begin PBXBuildFile section */
		62E426591AD4D6DB00FE2083 /* aa.epub in Resources */ = {isa = PBXBuildFile; fileRef = 62E426581AD4D6DB00FE2083 /* aa.epub */; };
		A904E136EDF474B80CDEC738 /* libPods-IEBViewer.a in Frameworks */ = {isa = PBXBuildFile; fileRef = 7858E6BAC8A40154D1AE8795 /* libPods-IEBViewer.a */; };
		EA7306AD1AD3DD880034E0C2 /* Alamofire.framework in Frameworks */ = {isa = PBXBuildFile; fileRef = EA7306A61AD3DD6C0034E0C2 /* Alamofire.framework */; };
		EA7306AE1AD3DD880034E0C2 /* Alamofire.framework in Embed Frameworks */ = {isa = PBXBuildFile; fileRef = EA7306A61AD3DD6C0034E0C2 /* Alamofire.framework */; settings = {ATTRIBUTES = (CodeSignOnCopy, RemoveHeadersOnCopy, ); }; };
		EA8ED2D31AD3D3EF0079B647 /* AppDelegate.swift in Sources */ = {isa = PBXBuildFile; fileRef = EA8ED2D21AD3D3EF0079B647 /* AppDelegate.swift */; };
		EA8ED2D51AD3D3EF0079B647 /* ViewController.swift in Sources */ = {isa = PBXBuildFile; fileRef = EA8ED2D41AD3D3EF0079B647 /* ViewController.swift */; };
		EA8ED2D81AD3D3EF0079B647 /* Main.storyboard in Resources */ = {isa = PBXBuildFile; fileRef = EA8ED2D61AD3D3EF0079B647 /* Main.storyboard */; };
		EA8ED2DA1AD3D3EF0079B647 /* Images.xcassets in Resources */ = {isa = PBXBuildFile; fileRef = EA8ED2D91AD3D3EF0079B647 /* Images.xcassets */; };
		EA8ED2DD1AD3D3EF0079B647 /* LaunchScreen.xib in Resources */ = {isa = PBXBuildFile; fileRef = EA8ED2DB1AD3D3EF0079B647 /* LaunchScreen.xib */; };
		EA8ED2E91AD3D3EF0079B647 /* IEBViewerTests.swift in Sources */ = {isa = PBXBuildFile; fileRef = EA8ED2E81AD3D3EF0079B647 /* IEBViewerTests.swift */; };
/* End PBXBuildFile section */

/* Begin PBXContainerItemProxy section */
		EA7306A51AD3DD6C0034E0C2 /* PBXContainerItemProxy */ = {
			isa = PBXContainerItemProxy;
			containerPortal = EA73069E1AD3DD6C0034E0C2 /* Alamofire.xcodeproj */;
			proxyType = 2;
			remoteGlobalIDString = F8111E3319A95C8B0040E7D1;
			remoteInfo = "Alamofire iOS";
		};
		EA7306A71AD3DD6C0034E0C2 /* PBXContainerItemProxy */ = {
			isa = PBXContainerItemProxy;
			containerPortal = EA73069E1AD3DD6C0034E0C2 /* Alamofire.xcodeproj */;
			proxyType = 2;
			remoteGlobalIDString = 4DD67C0B1A5C55C900ED2280;
			remoteInfo = "Alamofire OSX";
		};
		EA7306A91AD3DD6C0034E0C2 /* PBXContainerItemProxy */ = {
			isa = PBXContainerItemProxy;
			containerPortal = EA73069E1AD3DD6C0034E0C2 /* Alamofire.xcodeproj */;
			proxyType = 2;
			remoteGlobalIDString = F8111E3E19A95C8B0040E7D1;
			remoteInfo = "Alamofire iOS Tests";
		};
		EA7306AB1AD3DD6C0034E0C2 /* PBXContainerItemProxy */ = {
			isa = PBXContainerItemProxy;
			containerPortal = EA73069E1AD3DD6C0034E0C2 /* Alamofire.xcodeproj */;
			proxyType = 2;
			remoteGlobalIDString = F829C6B21A7A94F100A2CD59;
			remoteInfo = "Alamofire OSX Tests";
		};
		EA7306AF1AD3DD880034E0C2 /* PBXContainerItemProxy */ = {
			isa = PBXContainerItemProxy;
			containerPortal = EA73069E1AD3DD6C0034E0C2 /* Alamofire.xcodeproj */;
			proxyType = 1;
			remoteGlobalIDString = F8111E3219A95C8B0040E7D1;
			remoteInfo = "Alamofire iOS";
		};
		EA8ED2E31AD3D3EF0079B647 /* PBXContainerItemProxy */ = {
			isa = PBXContainerItemProxy;
			containerPortal = EA8ED2C51AD3D3EF0079B647 /* Project object */;
			proxyType = 1;
			remoteGlobalIDString = EA8ED2CC1AD3D3EF0079B647;
			remoteInfo = IEBViewer;
		};
/* End PBXContainerItemProxy section */

/* Begin PBXCopyFilesBuildPhase section */
		EA7306B11AD3DD880034E0C2 /* Embed Frameworks */ = {
			isa = PBXCopyFilesBuildPhase;
			buildActionMask = 2147483647;
			dstPath = "";
			dstSubfolderSpec = 10;
			files = (
				EA7306AE1AD3DD880034E0C2 /* Alamofire.framework in Embed Frameworks */,
			);
			name = "Embed Frameworks";
			runOnlyForDeploymentPostprocessing = 0;
		};
/* End PBXCopyFilesBuildPhase section */

/* Begin PBXFileReference section */
		2CFDDBBC8280CDDE40F348C4 /* Pods-IEBViewer.release.xcconfig */ = {isa = PBXFileReference; includeInIndex = 1; lastKnownFileType = text.xcconfig; name = "Pods-IEBViewer.release.xcconfig"; path = "Pods/Target Support Files/Pods-IEBViewer/Pods-IEBViewer.release.xcconfig"; sourceTree = "<group>"; };
		62E426581AD4D6DB00FE2083 /* aa.epub */ = {isa = PBXFileReference; lastKnownFileType = file; path = aa.epub; sourceTree = "<group>"; };
		7858E6BAC8A40154D1AE8795 /* libPods-IEBViewer.a */ = {isa = PBXFileReference; explicitFileType = archive.ar; includeInIndex = 0; path = "libPods-IEBViewer.a"; sourceTree = BUILT_PRODUCTS_DIR; };
		857B5C75BCE6CB975668C1E8 /* Pods-IEBViewer.debug.xcconfig */ = {isa = PBXFileReference; includeInIndex = 1; lastKnownFileType = text.xcconfig; name = "Pods-IEBViewer.debug.xcconfig"; path = "Pods/Target Support Files/Pods-IEBViewer/Pods-IEBViewer.debug.xcconfig"; sourceTree = "<group>"; };
		EA73069E1AD3DD6C0034E0C2 /* Alamofire.xcodeproj */ = {isa = PBXFileReference; lastKnownFileType = "wrapper.pb-project"; name = Alamofire.xcodeproj; path = Alamofire/Alamofire.xcodeproj; sourceTree = "<group>"; };
		EA7306B31AD3DDF10034E0C2 /* IEBViewer_Bridge.h */ = {isa = PBXFileReference; lastKnownFileType = sourcecode.c.h; path = IEBViewer_Bridge.h; sourceTree = "<group>"; };
		EA8ED2CD1AD3D3EF0079B647 /* IEBViewer.app */ = {isa = PBXFileReference; explicitFileType = wrapper.application; includeInIndex = 0; path = IEBViewer.app; sourceTree = BUILT_PRODUCTS_DIR; };
		EA8ED2D11AD3D3EF0079B647 /* Info.plist */ = {isa = PBXFileReference; lastKnownFileType = text.plist.xml; path = Info.plist; sourceTree = "<group>"; };
		EA8ED2D21AD3D3EF0079B647 /* AppDelegate.swift */ = {isa = PBXFileReference; lastKnownFileType = sourcecode.swift; path = AppDelegate.swift; sourceTree = "<group>"; };
		EA8ED2D41AD3D3EF0079B647 /* ViewController.swift */ = {isa = PBXFileReference; lastKnownFileType = sourcecode.swift; path = ViewController.swift; sourceTree = "<group>"; };
		EA8ED2D71AD3D3EF0079B647 /* Base */ = {isa = PBXFileReference; lastKnownFileType = file.storyboard; name = Base; path = Base.lproj/Main.storyboard; sourceTree = "<group>"; };
		EA8ED2D91AD3D3EF0079B647 /* Images.xcassets */ = {isa = PBXFileReference; lastKnownFileType = folder.assetcatalog; path = Images.xcassets; sourceTree = "<group>"; };
		EA8ED2DC1AD3D3EF0079B647 /* Base */ = {isa = PBXFileReference; lastKnownFileType = file.xib; name = Base; path = Base.lproj/LaunchScreen.xib; sourceTree = "<group>"; };
		EA8ED2E21AD3D3EF0079B647 /* IEBViewerTests.xctest */ = {isa = PBXFileReference; explicitFileType = wrapper.cfbundle; includeInIndex = 0; path = IEBViewerTests.xctest; sourceTree = BUILT_PRODUCTS_DIR; };
		EA8ED2E71AD3D3EF0079B647 /* Info.plist */ = {isa = PBXFileReference; lastKnownFileType = text.plist.xml; path = Info.plist; sourceTree = "<group>"; };
		EA8ED2E81AD3D3EF0079B647 /* IEBViewerTests.swift */ = {isa = PBXFileReference; lastKnownFileType = sourcecode.swift; path = IEBViewerTests.swift; sourceTree = "<group>"; };
/* End PBXFileReference section */

/* Begin PBXFrameworksBuildPhase section */
		EA8ED2CA1AD3D3EF0079B647 /* Frameworks */ = {
			isa = PBXFrameworksBuildPhase;
			buildActionMask = 2147483647;
			files = (
				EA7306AD1AD3DD880034E0C2 /* Alamofire.framework in Frameworks */,
				A904E136EDF474B80CDEC738 /* libPods-IEBViewer.a in Frameworks */,
			);
			runOnlyForDeploymentPostprocessing = 0;
		};
		EA8ED2DF1AD3D3EF0079B647 /* Frameworks */ = {
			isa = PBXFrameworksBuildPhase;
			buildActionMask = 2147483647;
			files = (
			);
			runOnlyForDeploymentPostprocessing = 0;
		};
/* End PBXFrameworksBuildPhase section */

/* Begin PBXGroup section */
		5C2D101C20B84674454E915D /* Frameworks */ = {
			isa = PBXGroup;
			children = (
				7858E6BAC8A40154D1AE8795 /* libPods-IEBViewer.a */,
			);
			name = Frameworks;
			sourceTree = "<group>";
		};
		5D2DB98108F0276236556664 /* Pods */ = {
			isa = PBXGroup;
			children = (
				857B5C75BCE6CB975668C1E8 /* Pods-IEBViewer.debug.xcconfig */,
				2CFDDBBC8280CDDE40F348C4 /* Pods-IEBViewer.release.xcconfig */,
			);
			name = Pods;
			sourceTree = "<group>";
		};
		EA73069F1AD3DD6C0034E0C2 /* Products */ = {
			isa = PBXGroup;
			children = (
				EA7306A61AD3DD6C0034E0C2 /* Alamofire.framework */,
				EA7306A81AD3DD6C0034E0C2 /* Alamofire.framework */,
				EA7306AA1AD3DD6C0034E0C2 /* Alamofire iOS Tests.xctest */,
				EA7306AC1AD3DD6C0034E0C2 /* Alamofire OSX Tests.xctest */,
			);
			name = Products;
			sourceTree = "<group>";
		};
		EA8ED2C41AD3D3EF0079B647 = {
			isa = PBXGroup;
			children = (
				EA7306B31AD3DDF10034E0C2 /* IEBViewer_Bridge.h */,
				EA73069E1AD3DD6C0034E0C2 /* Alamofire.xcodeproj */,
				EA8ED2CF1AD3D3EF0079B647 /* IEBViewer */,
				EA8ED2E51AD3D3EF0079B647 /* IEBViewerTests */,
				EA8ED2CE1AD3D3EF0079B647 /* Products */,
				5D2DB98108F0276236556664 /* Pods */,
				5C2D101C20B84674454E915D /* Frameworks */,
			);
			sourceTree = "<group>";
		};
		EA8ED2CE1AD3D3EF0079B647 /* Products */ = {
			isa = PBXGroup;
			children = (
				EA8ED2CD1AD3D3EF0079B647 /* IEBViewer.app */,
				EA8ED2E21AD3D3EF0079B647 /* IEBViewerTests.xctest */,
			);
			name = Products;
			sourceTree = "<group>";
		};
		EA8ED2CF1AD3D3EF0079B647 /* IEBViewer */ = {
			isa = PBXGroup;
			children = (
				EA8ED2D21AD3D3EF0079B647 /* AppDelegate.swift */,
				62E426581AD4D6DB00FE2083 /* aa.epub */,
				EA8ED2D41AD3D3EF0079B647 /* ViewController.swift */,
				EA8ED2D61AD3D3EF0079B647 /* Main.storyboard */,
				EA8ED2D91AD3D3EF0079B647 /* Images.xcassets */,
				EA8ED2DB1AD3D3EF0079B647 /* LaunchScreen.xib */,
				EA8ED2D01AD3D3EF0079B647 /* Supporting Files */,
			);
			path = IEBViewer;
			sourceTree = "<group>";
		};
		EA8ED2D01AD3D3EF0079B647 /* Supporting Files */ = {
			isa = PBXGroup;
			children = (
				EA8ED2D11AD3D3EF0079B647 /* Info.plist */,
			);
			name = "Supporting Files";
			sourceTree = "<group>";
		};
		EA8ED2E51AD3D3EF0079B647 /* IEBViewerTests */ = {
			isa = PBXGroup;
			children = (
				EA8ED2E81AD3D3EF0079B647 /* IEBViewerTests.swift */,
				EA8ED2E61AD3D3EF0079B647 /* Supporting Files */,
			);
			path = IEBViewerTests;
			sourceTree = "<group>";
		};
		EA8ED2E61AD3D3EF0079B647 /* Supporting Files */ = {
			isa = PBXGroup;
			children = (
				EA8ED2E71AD3D3EF0079B647 /* Info.plist */,
			);
			name = "Supporting Files";
			sourceTree = "<group>";
		};
/* End PBXGroup section */

/* Begin PBXNativeTarget section */
		EA8ED2CC1AD3D3EF0079B647 /* IEBViewer */ = {
			isa = PBXNativeTarget;
			buildConfigurationList = EA8ED2EC1AD3D3EF0079B647 /* Build configuration list for PBXNativeTarget "IEBViewer" */;
			buildPhases = (
				D75397D4FEFE9469AF4D7A80 /* Check Pods Manifest.lock */,
				EA8ED2C91AD3D3EF0079B647 /* Sources */,
				EA8ED2CA1AD3D3EF0079B647 /* Frameworks */,
				EA8ED2CB1AD3D3EF0079B647 /* Resources */,
				EA7306B11AD3DD880034E0C2 /* Embed Frameworks */,
				0BED582088B28B54F1C83564 /* Copy Pods Resources */,
			);
			buildRules = (
			);
			dependencies = (
				EA7306B01AD3DD880034E0C2 /* PBXTargetDependency */,
			);
			name = IEBViewer;
			productName = IEBViewer;
			productReference = EA8ED2CD1AD3D3EF0079B647 /* IEBViewer.app */;
			productType = "com.apple.product-type.application";
		};
		EA8ED2E11AD3D3EF0079B647 /* IEBViewerTests */ = {
			isa = PBXNativeTarget;
			buildConfigurationList = EA8ED2EF1AD3D3EF0079B647 /* Build configuration list for PBXNativeTarget "IEBViewerTests" */;
			buildPhases = (
				EA8ED2DE1AD3D3EF0079B647 /* Sources */,
				EA8ED2DF1AD3D3EF0079B647 /* Frameworks */,
				EA8ED2E01AD3D3EF0079B647 /* Resources */,
			);
			buildRules = (
			);
			dependencies = (
				EA8ED2E41AD3D3EF0079B647 /* PBXTargetDependency */,
			);
			name = IEBViewerTests;
			productName = IEBViewerTests;
			productReference = EA8ED2E21AD3D3EF0079B647 /* IEBViewerTests.xctest */;
			productType = "com.apple.product-type.bundle.unit-test";
		};
/* End PBXNativeTarget section */

/* Begin PBXProject section */
		EA8ED2C51AD3D3EF0079B647 /* Project object */ = {
			isa = PBXProject;
			attributes = {
				LastUpgradeCheck = 0620;
				ORGANIZATIONNAME = shou;
				TargetAttributes = {
					EA8ED2CC1AD3D3EF0079B647 = {
						CreatedOnToolsVersion = 6.2;
					};
					EA8ED2E11AD3D3EF0079B647 = {
						CreatedOnToolsVersion = 6.2;
						TestTargetID = EA8ED2CC1AD3D3EF0079B647;
					};
				};
			};
			buildConfigurationList = EA8ED2C81AD3D3EF0079B647 /* Build configuration list for PBXProject "IEBViewer" */;
			compatibilityVersion = "Xcode 3.2";
			developmentRegion = English;
			hasScannedForEncodings = 0;
			knownRegions = (
				en,
				Base,
			);
			mainGroup = EA8ED2C41AD3D3EF0079B647;
			productRefGroup = EA8ED2CE1AD3D3EF0079B647 /* Products */;
			projectDirPath = "";
			projectReferences = (
				{
					ProductGroup = EA73069F1AD3DD6C0034E0C2 /* Products */;
					ProjectRef = EA73069E1AD3DD6C0034E0C2 /* Alamofire.xcodeproj */;
				},
			);
			projectRoot = "";
			targets = (
				EA8ED2CC1AD3D3EF0079B647 /* IEBViewer */,
				EA8ED2E11AD3D3EF0079B647 /* IEBViewerTests */,
			);
		};
/* End PBXProject section */

/* Begin PBXReferenceProxy section */
		EA7306A61AD3DD6C0034E0C2 /* Alamofire.framework */ = {
			isa = PBXReferenceProxy;
			fileType = wrapper.framework;
			path = Alamofire.framework;
			remoteRef = EA7306A51AD3DD6C0034E0C2 /* PBXContainerItemProxy */;
			sourceTree = BUILT_PRODUCTS_DIR;
		};
		EA7306A81AD3DD6C0034E0C2 /* Alamofire.framework */ = {
			isa = PBXReferenceProxy;
			fileType = wrapper.framework;
			path = Alamofire.framework;
			remoteRef = EA7306A71AD3DD6C0034E0C2 /* PBXContainerItemProxy */;
			sourceTree = BUILT_PRODUCTS_DIR;
		};
		EA7306AA1AD3DD6C0034E0C2 /* Alamofire iOS Tests.xctest */ = {
			isa = PBXReferenceProxy;
			fileType = wrapper.cfbundle;
			path = "Alamofire iOS Tests.xctest";
			remoteRef = EA7306A91AD3DD6C0034E0C2 /* PBXContainerItemProxy */;
			sourceTree = BUILT_PRODUCTS_DIR;
		};
		EA7306AC1AD3DD6C0034E0C2 /* Alamofire OSX Tests.xctest */ = {
			isa = PBXReferenceProxy;
			fileType = wrapper.cfbundle;
			path = "Alamofire OSX Tests.xctest";
			remoteRef = EA7306AB1AD3DD6C0034E0C2 /* PBXContainerItemProxy */;
			sourceTree = BUILT_PRODUCTS_DIR;
		};
/* End PBXReferenceProxy section */

/* Begin PBXResourcesBuildPhase section */
		EA8ED2CB1AD3D3EF0079B647 /* Resources */ = {
			isa = PBXResourcesBuildPhase;
			buildActionMask = 2147483647;
			files = (
				EA8ED2D81AD3D3EF0079B647 /* Main.storyboard in Resources */,
				EA8ED2DD1AD3D3EF0079B647 /* LaunchScreen.xib in Resources */,
				EA8ED2DA1AD3D3EF0079B647 /* Images.xcassets in Resources */,
				62E426591AD4D6DB00FE2083 /* aa.epub in Resources */,
			);
			runOnlyForDeploymentPostprocessing = 0;
		};
		EA8ED2E01AD3D3EF0079B647 /* Resources */ = {
			isa = PBXResourcesBuildPhase;
			buildActionMask = 2147483647;
			files = (
			);
			runOnlyForDeploymentPostprocessing = 0;
		};
/* End PBXResourcesBuildPhase section */

/* Begin PBXShellScriptBuildPhase section */
		0BED582088B28B54F1C83564 /* Copy Pods Resources */ = {
			isa = PBXShellScriptBuildPhase;
			buildActionMask = 2147483647;
			files = (
			);
			inputPaths = (
			);
			name = "Copy Pods Resources";
			outputPaths = (
			);
			runOnlyForDeploymentPostprocessing = 0;
			shellPath = /bin/sh;
			shellScript = "\"${SRCROOT}/Pods/Target Support Files/Pods-IEBViewer/Pods-IEBViewer-resources.sh\"\n";
			showEnvVarsInLog = 0;
		};
		D75397D4FEFE9469AF4D7A80 /* Check Pods Manifest.lock */ = {
			isa = PBXShellScriptBuildPhase;
			buildActionMask = 2147483647;
			files = (
			);
			inputPaths = (
			);
			name = "Check Pods Manifest.lock";
			outputPaths = (
			);
			runOnlyForDeploymentPostprocessing = 0;
			shellPath = /bin/sh;
			shellScript = "diff \"${PODS_ROOT}/../Podfile.lock\" \"${PODS_ROOT}/Manifest.lock\" > /dev/null\nif [[ $? != 0 ]] ; then\n    cat << EOM\nerror: The sandbox is not in sync with the Podfile.lock. Run 'pod install' or update your CocoaPods installation.\nEOM\n    exit 1\nfi\n";
			showEnvVarsInLog = 0;
		};
/* End PBXShellScriptBuildPhase section */

/* Begin PBXSourcesBuildPhase section */
		EA8ED2C91AD3D3EF0079B647 /* Sources */ = {
			isa = PBXSourcesBuildPhase;
			buildActionMask = 2147483647;
			files = (
				EA8ED2D51AD3D3EF0079B647 /* ViewController.swift in Sources */,
				EA8ED2D31AD3D3EF0079B647 /* AppDelegate.swift in Sources */,
			);
			runOnlyForDeploymentPostprocessing = 0;
		};
		EA8ED2DE1AD3D3EF0079B647 /* Sources */ = {
			isa = PBXSourcesBuildPhase;
			buildActionMask = 2147483647;
			files = (
				EA8ED2E91AD3D3EF0079B647 /* IEBViewerTests.swift in Sources */,
			);
			runOnlyForDeploymentPostprocessing = 0;
		};
/* End PBXSourcesBuildPhase section */

/* Begin PBXTargetDependency section */
		EA7306B01AD3DD880034E0C2 /* PBXTargetDependency */ = {
			isa = PBXTargetDependency;
			name = "Alamofire iOS";
			targetProxy = EA7306AF1AD3DD880034E0C2 /* PBXContainerItemProxy */;
		};
		EA8ED2E41AD3D3EF0079B647 /* PBXTargetDependency */ = {
			isa = PBXTargetDependency;
			target = EA8ED2CC1AD3D3EF0079B647 /* IEBViewer */;
			targetProxy = EA8ED2E31AD3D3EF0079B647 /* PBXContainerItemProxy */;
		};
/* End PBXTargetDependency section */

/* Begin PBXVariantGroup section */
		EA8ED2D61AD3D3EF0079B647 /* Main.storyboard */ = {
			isa = PBXVariantGroup;
			children = (
				EA8ED2D71AD3D3EF0079B647 /* Base */,
			);
			name = Main.storyboard;
			sourceTree = "<group>";
		};
		EA8ED2DB1AD3D3EF0079B647 /* LaunchScreen.xib */ = {
			isa = PBXVariantGroup;
			children = (
				EA8ED2DC1AD3D3EF0079B647 /* Base */,
			);
			name = LaunchScreen.xib;
			sourceTree = "<group>";
		};
/* End PBXVariantGroup section */

/* Begin XCBuildConfiguration section */
		EA8ED2EA1AD3D3EF0079B647 /* Debug */ = {
			isa = XCBuildConfiguration;
			buildSettings = {
				ALWAYS_SEARCH_USER_PATHS = NO;
				CLANG_CXX_LANGUAGE_STANDARD = "gnu++0x";
				CLANG_CXX_LIBRARY = "libc++";
				CLANG_ENABLE_MODULES = YES;
				CLANG_ENABLE_OBJC_ARC = YES;
				CLANG_WARN_BOOL_CONVERSION = YES;
				CLANG_WARN_CONSTANT_CONVERSION = YES;
				CLANG_WARN_DIRECT_OBJC_ISA_USAGE = YES_ERROR;
				CLANG_WARN_EMPTY_BODY = YES;
				CLANG_WARN_ENUM_CONVERSION = YES;
				CLANG_WARN_INT_CONVERSION = YES;
				CLANG_WARN_OBJC_ROOT_CLASS = YES_ERROR;
				CLANG_WARN_UNREACHABLE_CODE = YES;
				CLANG_WARN__DUPLICATE_METHOD_MATCH = YES;
				"CODE_SIGN_IDENTITY[sdk=iphoneos*]" = "iPhone Developer";
				COPY_PHASE_STRIP = NO;
				ENABLE_STRICT_OBJC_MSGSEND = YES;
				GCC_C_LANGUAGE_STANDARD = gnu99;
				GCC_DYNAMIC_NO_PIC = NO;
				GCC_OPTIMIZATION_LEVEL = 0;
				GCC_PREPROCESSOR_DEFINITIONS = (
					"DEBUG=1",
					"$(inherited)",
				);
				GCC_SYMBOLS_PRIVATE_EXTERN = NO;
				GCC_WARN_64_TO_32_BIT_CONVERSION = YES;
				GCC_WARN_ABOUT_RETURN_TYPE = YES_ERROR;
				GCC_WARN_UNDECLARED_SELECTOR = YES;
				GCC_WARN_UNINITIALIZED_AUTOS = YES_AGGRESSIVE;
				GCC_WARN_UNUSED_FUNCTION = YES;
				GCC_WARN_UNUSED_VARIABLE = YES;
				IPHONEOS_DEPLOYMENT_TARGET = 8.2;
				MTL_ENABLE_DEBUG_INFO = YES;
				ONLY_ACTIVE_ARCH = YES;
				SDKROOT = iphoneos;
				SWIFT_OPTIMIZATION_LEVEL = "-Onone";
			};
			name = Debug;
		};
		EA8ED2EB1AD3D3EF0079B647 /* Release */ = {
			isa = XCBuildConfiguration;
			buildSettings = {
				ALWAYS_SEARCH_USER_PATHS = NO;
				CLANG_CXX_LANGUAGE_STANDARD = "gnu++0x";
				CLANG_CXX_LIBRARY = "libc++";
				CLANG_ENABLE_MODULES = YES;
				CLANG_ENABLE_OBJC_ARC = YES;
				CLANG_WARN_BOOL_CONVERSION = YES;
				CLANG_WARN_CONSTANT_CONVERSION = YES;
				CLANG_WARN_DIRECT_OBJC_ISA_USAGE = YES_ERROR;
				CLANG_WARN_EMPTY_BODY = YES;
				CLANG_WARN_ENUM_CONVERSION = YES;
				CLANG_WARN_INT_CONVERSION = YES;
				CLANG_WARN_OBJC_ROOT_CLASS = YES_ERROR;
				CLANG_WARN_UNREACHABLE_CODE = YES;
				CLANG_WARN__DUPLICATE_METHOD_MATCH = YES;
				"CODE_SIGN_IDENTITY[sdk=iphoneos*]" = "iPhone Developer";
				COPY_PHASE_STRIP = NO;
				ENABLE_NS_ASSERTIONS = NO;
				ENABLE_STRICT_OBJC_MSGSEND = YES;
				GCC_C_LANGUAGE_STANDARD = gnu99;
				GCC_WARN_64_TO_32_BIT_CONVERSION = YES;
				GCC_WARN_ABOUT_RETURN_TYPE = YES_ERROR;
				GCC_WARN_UNDECLARED_SELECTOR = YES;
				GCC_WARN_UNINITIALIZED_AUTOS = YES_AGGRESSIVE;
				GCC_WARN_UNUSED_FUNCTION = YES;
				GCC_WARN_UNUSED_VARIABLE = YES;
				IPHONEOS_DEPLOYMENT_TARGET = 8.2;
				MTL_ENABLE_DEBUG_INFO = NO;
				SDKROOT = iphoneos;
				VALIDATE_PRODUCT = YES;
			};
			name = Release;
		};
		EA8ED2ED1AD3D3EF0079B647 /* Debug */ = {
			isa = XCBuildConfiguration;
			baseConfigurationReference = 857B5C75BCE6CB975668C1E8 /* Pods-IEBViewer.debug.xcconfig */;
			buildSettings = {
				ASSETCATALOG_COMPILER_APPICON_NAME = AppIcon;
				EMBEDDED_CONTENT_CONTAINS_SWIFT = YES;
				INFOPLIST_FILE = IEBViewer/Info.plist;
				LD_RUNPATH_SEARCH_PATHS = "$(inherited) @executable_path/Frameworks";
				PRODUCT_NAME = "$(TARGET_NAME)";
				SWIFT_OBJC_BRIDGING_HEADER = IEBViewer_Bridge.h;
			};
			name = Debug;
		};
		EA8ED2EE1AD3D3EF0079B647 /* Release */ = {
			isa = XCBuildConfiguration;
			baseConfigurationReference = 2CFDDBBC8280CDDE40F348C4 /* Pods-IEBViewer.release.xcconfig */;
			buildSettings = {
				ASSETCATALOG_COMPILER_APPICON_NAME = AppIcon;
				EMBEDDED_CONTENT_CONTAINS_SWIFT = YES;
				INFOPLIST_FILE = IEBViewer/Info.plist;
				LD_RUNPATH_SEARCH_PATHS = "$(inherited) @executable_path/Frameworks";
				PRODUCT_NAME = "$(TARGET_NAME)";
				SWIFT_OBJC_BRIDGING_HEADER = IEBViewer_Bridge.h;
			};
			name = Release;
		};
		EA8ED2F01AD3D3EF0079B647 /* Debug */ = {
			isa = XCBuildConfiguration;
			buildSettings = {
				BUNDLE_LOADER = "$(TEST_HOST)";
				FRAMEWORK_SEARCH_PATHS = (
					"$(SDKROOT)/Developer/Library/Frameworks",
					"$(inherited)",
				);
				GCC_PREPROCESSOR_DEFINITIONS = (
					"DEBUG=1",
					"$(inherited)",
				);
				INFOPLIST_FILE = IEBViewerTests/Info.plist;
				LD_RUNPATH_SEARCH_PATHS = "$(inherited) @executable_path/Frameworks @loader_path/Frameworks";
				PRODUCT_NAME = "$(TARGET_NAME)";
				TEST_HOST = "$(BUILT_PRODUCTS_DIR)/IEBViewer.app/IEBViewer";
			};
			name = Debug;
		};
		EA8ED2F11AD3D3EF0079B647 /* Release */ = {
			isa = XCBuildConfiguration;
			buildSettings = {
				BUNDLE_LOADER = "$(TEST_HOST)";
				FRAMEWORK_SEARCH_PATHS = (
					"$(SDKROOT)/Developer/Library/Frameworks",
					"$(inherited)",
				);
				INFOPLIST_FILE = IEBViewerTests/Info.plist;
				LD_RUNPATH_SEARCH_PATHS = "$(inherited) @executable_path/Frameworks @loader_path/Frameworks";
				PRODUCT_NAME = "$(TARGET_NAME)";
				TEST_HOST = "$(BUILT_PRODUCTS_DIR)/IEBViewer.app/IEBViewer";
			};
			name = Release;
		};
/* End XCBuildConfiguration section */

/* Begin XCConfigurationList section */
		EA8ED2C81AD3D3EF0079B647 /* Build configuration list for PBXProject "IEBViewer" */ = {
			isa = XCConfigurationList;
			buildConfigurations = (
				EA8ED2EA1AD3D3EF0079B647 /* Debug */,
				EA8ED2EB1AD3D3EF0079B647 /* Release */,
			);
			defaultConfigurationIsVisible = 0;
			defaultConfigurationName = Release;
		};
		EA8ED2EC1AD3D3EF0079B647 /* Build configuration list for PBXNativeTarget "IEBViewer" */ = {
			isa = XCConfigurationList;
			buildConfigurations = (
				EA8ED2ED1AD3D3EF0079B647 /* Debug */,
				EA8ED2EE1AD3D3EF0079B647 /* Release */,
			);
			defaultConfigurationIsVisible = 0;
			defaultConfigurationName = Release;
		};
		EA8ED2EF1AD3D3EF0079B647 /* Build configuration list for PBXNativeTarget "IEBViewerTests" */ = {
			isa = XCConfigurationList;
			buildConfigurations = (
				EA8ED2F01AD3D3EF0079B647 /* Debug */,
				EA8ED2F11AD3D3EF0079B647 /* Release */,
			);
			defaultConfigurationIsVisible = 0;
			defaultConfigurationName = Release;
		};
/* End XCConfigurationList section */
	};
	rootObject = EA8ED2C51AD3D3EF0079B647 /* Project object */;
}
